// !$*UTF8*$!
{
	archiveVersion = 1;
	classes = {
	};
	objectVersion = 51;
	objects = {

/* Begin PBXBuildFile section */
		403B0651280ED0D206972EDA /* Pods_FirstProject.framework in Frameworks */ = {isa = PBXBuildFile; fileRef = 9E90DD15FC6256AFBB5CA678 /* Pods_FirstProject.framework */; };
		E711718527C24E4800563D1C /* Constants.swift in Sources */ = {isa = PBXBuildFile; fileRef = E711718427C24E4800563D1C /* Constants.swift */; };
		E711718927C24E9E00563D1C /* Errors.swift in Sources */ = {isa = PBXBuildFile; fileRef = E711718827C24E9E00563D1C /* Errors.swift */; };
		E711718F27C3765500563D1C /* MusicViewController.swift in Sources */ = {isa = PBXBuildFile; fileRef = E711718E27C3765500563D1C /* MusicViewController.swift */; };
		E711719227C3769A00563D1C /* MoreMeViewController.swift in Sources */ = {isa = PBXBuildFile; fileRef = E711719127C3769A00563D1C /* MoreMeViewController.swift */; };
		E711719527C3783800563D1C /* CellofMusic.swift in Sources */ = {isa = PBXBuildFile; fileRef = E711719427C3783800563D1C /* CellofMusic.swift */; };
		E711719A27C3A39E00563D1C /* CellOfFavouriteMusic.swift in Sources */ = {isa = PBXBuildFile; fileRef = E711719927C3A39E00563D1C /* CellOfFavouriteMusic.swift */; };
		E711719D27C3FFB400563D1C /* CellOfMusicViewModel.swift in Sources */ = {isa = PBXBuildFile; fileRef = E711719C27C3FFB400563D1C /* CellOfMusicViewModel.swift */; };
		E71171A027C3FFD400563D1C /* CellOfFavouriteMusicViewModel.swift in Sources */ = {isa = PBXBuildFile; fileRef = E711719F27C3FFD400563D1C /* CellOfFavouriteMusicViewModel.swift */; };
		E71171A327C4BF4700563D1C /* PlayViewController.swift in Sources */ = {isa = PBXBuildFile; fileRef = E71171A227C4BF4700563D1C /* PlayViewController.swift */; };
		E71171A627C5738F00563D1C /* ValidTypes.swift in Sources */ = {isa = PBXBuildFile; fileRef = E71171A527C5738F00563D1C /* ValidTypes.swift */; };
		E71171AB27C64D0500563D1C /* UserModel.swift in Sources */ = {isa = PBXBuildFile; fileRef = E71171AA27C64D0400563D1C /* UserModel.swift */; };
		E71171AE27C64D6B00563D1C /* UserDefaultsManager .swift in Sources */ = {isa = PBXBuildFile; fileRef = E71171AD27C64D6B00563D1C /* UserDefaultsManager .swift */; };
		E71171B127C6676700563D1C /* AlertController.swift in Sources */ = {isa = PBXBuildFile; fileRef = E71171B027C6676700563D1C /* AlertController.swift */; };
		E7611F7E27C119F100EB645A /* AppDelegate.swift in Sources */ = {isa = PBXBuildFile; fileRef = E7611F7D27C119F100EB645A /* AppDelegate.swift */; };
		E7611F8027C119F100EB645A /* SceneDelegate.swift in Sources */ = {isa = PBXBuildFile; fileRef = E7611F7F27C119F100EB645A /* SceneDelegate.swift */; };
		E7611F8227C119F100EB645A /* MainViewController.swift in Sources */ = {isa = PBXBuildFile; fileRef = E7611F8127C119F100EB645A /* MainViewController.swift */; };
		E7611F8527C119F100EB645A /* Main.storyboard in Resources */ = {isa = PBXBuildFile; fileRef = E7611F8327C119F100EB645A /* Main.storyboard */; };
		E7611F8727C119F500EB645A /* Assets.xcassets in Resources */ = {isa = PBXBuildFile; fileRef = E7611F8627C119F500EB645A /* Assets.xcassets */; };
		E7611F8A27C119F500EB645A /* LaunchScreen.storyboard in Resources */ = {isa = PBXBuildFile; fileRef = E7611F8827C119F500EB645A /* LaunchScreen.storyboard */; };
		E7611F9627C1205D00EB645A /* SingInViewController.swift in Sources */ = {isa = PBXBuildFile; fileRef = E7611F9527C1205D00EB645A /* SingInViewController.swift */; };
		E7611F9927C1273200EB645A /* SingUpViewController.swift in Sources */ = {isa = PBXBuildFile; fileRef = E7611F9827C1273200EB645A /* SingUpViewController.swift */; };
/* End PBXBuildFile section */

/* Begin PBXFileReference section */
		831F5EDD69F8C2FAFB6F53F9 /* Pods-FirstProject.release.xcconfig */ = {isa = PBXFileReference; includeInIndex = 1; lastKnownFileType = text.xcconfig; name = "Pods-FirstProject.release.xcconfig"; path = "Target Support Files/Pods-FirstProject/Pods-FirstProject.release.xcconfig"; sourceTree = "<group>"; };
		9E90DD15FC6256AFBB5CA678 /* Pods_FirstProject.framework */ = {isa = PBXFileReference; explicitFileType = wrapper.framework; includeInIndex = 0; path = Pods_FirstProject.framework; sourceTree = BUILT_PRODUCTS_DIR; };
		A5B315AB0B705DD2AEADE6AD /* Pods-FirstProject.debug.xcconfig */ = {isa = PBXFileReference; includeInIndex = 1; lastKnownFileType = text.xcconfig; name = "Pods-FirstProject.debug.xcconfig"; path = "Target Support Files/Pods-FirstProject/Pods-FirstProject.debug.xcconfig"; sourceTree = "<group>"; };
		E711718427C24E4800563D1C /* Constants.swift */ = {isa = PBXFileReference; lastKnownFileType = sourcecode.swift; path = Constants.swift; sourceTree = "<group>"; };
		E711718827C24E9E00563D1C /* Errors.swift */ = {isa = PBXFileReference; lastKnownFileType = sourcecode.swift; path = Errors.swift; sourceTree = "<group>"; };
		E711718E27C3765500563D1C /* MusicViewController.swift */ = {isa = PBXFileReference; lastKnownFileType = sourcecode.swift; path = MusicViewController.swift; sourceTree = "<group>"; };
		E711719127C3769A00563D1C /* MoreMeViewController.swift */ = {isa = PBXFileReference; lastKnownFileType = sourcecode.swift; path = MoreMeViewController.swift; sourceTree = "<group>"; };
		E711719427C3783800563D1C /* CellofMusic.swift */ = {isa = PBXFileReference; lastKnownFileType = sourcecode.swift; path = CellofMusic.swift; sourceTree = "<group>"; };
		E711719927C3A39E00563D1C /* CellOfFavouriteMusic.swift */ = {isa = PBXFileReference; lastKnownFileType = sourcecode.swift; path = CellOfFavouriteMusic.swift; sourceTree = "<group>"; };
		E711719C27C3FFB400563D1C /* CellOfMusicViewModel.swift */ = {isa = PBXFileReference; lastKnownFileType = sourcecode.swift; path = CellOfMusicViewModel.swift; sourceTree = "<group>"; };
		E711719F27C3FFD400563D1C /* CellOfFavouriteMusicViewModel.swift */ = {isa = PBXFileReference; lastKnownFileType = sourcecode.swift; path = CellOfFavouriteMusicViewModel.swift; sourceTree = "<group>"; };
		E71171A227C4BF4700563D1C /* PlayViewController.swift */ = {isa = PBXFileReference; lastKnownFileType = sourcecode.swift; path = PlayViewController.swift; sourceTree = "<group>"; };
		E71171A527C5738F00563D1C /* ValidTypes.swift */ = {isa = PBXFileReference; lastKnownFileType = sourcecode.swift; path = ValidTypes.swift; sourceTree = "<group>"; };
		E71171AA27C64D0400563D1C /* UserModel.swift */ = {isa = PBXFileReference; lastKnownFileType = sourcecode.swift; path = UserModel.swift; sourceTree = "<group>"; };
		E71171AD27C64D6B00563D1C /* UserDefaultsManager .swift */ = {isa = PBXFileReference; lastKnownFileType = sourcecode.swift; path = "UserDefaultsManager .swift"; sourceTree = "<group>"; };
		E71171B027C6676700563D1C /* AlertController.swift */ = {isa = PBXFileReference; lastKnownFileType = sourcecode.swift; path = AlertController.swift; sourceTree = "<group>"; };
		E7611F7A27C119F100EB645A /* FirstProject.app */ = {isa = PBXFileReference; explicitFileType = wrapper.application; includeInIndex = 0; path = FirstProject.app; sourceTree = BUILT_PRODUCTS_DIR; };
		E7611F7D27C119F100EB645A /* AppDelegate.swift */ = {isa = PBXFileReference; lastKnownFileType = sourcecode.swift; path = AppDelegate.swift; sourceTree = "<group>"; };
		E7611F7F27C119F100EB645A /* SceneDelegate.swift */ = {isa = PBXFileReference; lastKnownFileType = sourcecode.swift; path = SceneDelegate.swift; sourceTree = "<group>"; };
		E7611F8127C119F100EB645A /* MainViewController.swift */ = {isa = PBXFileReference; lastKnownFileType = sourcecode.swift; path = MainViewController.swift; sourceTree = "<group>"; };
		E7611F8427C119F100EB645A /* Base */ = {isa = PBXFileReference; lastKnownFileType = file.storyboard; name = Base; path = Base.lproj/Main.storyboard; sourceTree = "<group>"; };
		E7611F8627C119F500EB645A /* Assets.xcassets */ = {isa = PBXFileReference; lastKnownFileType = folder.assetcatalog; path = Assets.xcassets; sourceTree = "<group>"; };
		E7611F8927C119F500EB645A /* Base */ = {isa = PBXFileReference; lastKnownFileType = file.storyboard; name = Base; path = Base.lproj/LaunchScreen.storyboard; sourceTree = "<group>"; };
		E7611F8B27C119F500EB645A /* Info.plist */ = {isa = PBXFileReference; lastKnownFileType = text.plist.xml; path = Info.plist; sourceTree = "<group>"; };
		E7611F9527C1205D00EB645A /* SingInViewController.swift */ = {isa = PBXFileReference; lastKnownFileType = sourcecode.swift; path = SingInViewController.swift; sourceTree = "<group>"; };
		E7611F9827C1273200EB645A /* SingUpViewController.swift */ = {isa = PBXFileReference; lastKnownFileType = sourcecode.swift; path = SingUpViewController.swift; sourceTree = "<group>"; };
/* End PBXFileReference section */

/* Begin PBXFrameworksBuildPhase section */
		E7611F7727C119F100EB645A /* Frameworks */ = {
			isa = PBXFrameworksBuildPhase;
			buildActionMask = 2147483647;
			files = (
				403B0651280ED0D206972EDA /* Pods_FirstProject.framework in Frameworks */,
			);
			runOnlyForDeploymentPostprocessing = 0;
		};
/* End PBXFrameworksBuildPhase section */

/* Begin PBXGroup section */
		85921B0DE8B2ADDFE9C003ED /* Frameworks */ = {
			isa = PBXGroup;
			children = (
				9E90DD15FC6256AFBB5CA678 /* Pods_FirstProject.framework */,
			);
			name = Frameworks;
			sourceTree = "<group>";
		};
		B084C590068C6F97740BFFCB /* Pods */ = {
			isa = PBXGroup;
			children = (
				A5B315AB0B705DD2AEADE6AD /* Pods-FirstProject.debug.xcconfig */,
				831F5EDD69F8C2FAFB6F53F9 /* Pods-FirstProject.release.xcconfig */,
			);
			path = Pods;
			sourceTree = "<group>";
		};
		E711718727C24E6900563D1C /* ConstantsANDErrors */ = {
			isa = PBXGroup;
			children = (
				E711718427C24E4800563D1C /* Constants.swift */,
				E711718827C24E9E00563D1C /* Errors.swift */,
			);
			path = ConstantsANDErrors;
			sourceTree = "<group>";
		};
		E71171A827C64CB900563D1C /* Models  */ = {
			isa = PBXGroup;
			children = (
				E71171AA27C64D0400563D1C /* UserModel.swift */,
			);
			path = "Models ";
			sourceTree = "<group>";
		};
		E71171A927C64CE200563D1C /* Services  */ = {
			isa = PBXGroup;
			children = (
				E71171AD27C64D6B00563D1C /* UserDefaultsManager .swift */,
			);
			path = "Services ";
			sourceTree = "<group>";
		};
		E7611F7127C119F100EB645A = {
			isa = PBXGroup;
			children = (
				E7611F7C27C119F100EB645A /* FirstProject */,
				E7611F7B27C119F100EB645A /* Products */,
				B084C590068C6F97740BFFCB /* Pods */,
				85921B0DE8B2ADDFE9C003ED /* Frameworks */,
			);
			sourceTree = "<group>";
		};
		E7611F7B27C119F100EB645A /* Products */ = {
			isa = PBXGroup;
			children = (
				E7611F7A27C119F100EB645A /* FirstProject.app */,
			);
			name = Products;
			sourceTree = "<group>";
		};
		E7611F7C27C119F100EB645A /* FirstProject */ = {
			isa = PBXGroup;
			children = (
				E711718727C24E6900563D1C /* ConstantsANDErrors */,
				E7611F9327C11D7E00EB645A /* Cells */,
				E7611F7D27C119F100EB645A /* AppDelegate.swift */,
				E7611F7F27C119F100EB645A /* SceneDelegate.swift */,
				E7611F8127C119F100EB645A /* MainViewController.swift */,
				E7611F9827C1273200EB645A /* SingUpViewController.swift */,
				E7611F9527C1205D00EB645A /* SingInViewController.swift */,
				E711718E27C3765500563D1C /* MusicViewController.swift */,
				E71171A227C4BF4700563D1C /* PlayViewController.swift */,
				E711719127C3769A00563D1C /* MoreMeViewController.swift */,
				E71171A827C64CB900563D1C /* Models  */,
				E71171A927C64CE200563D1C /* Services  */,
				E7611F9427C11D8C00EB645A /* Extension */,
				E7611F8327C119F100EB645A /* Main.storyboard */,
				E7611F8627C119F500EB645A /* Assets.xcassets */,
				E7611F8827C119F500EB645A /* LaunchScreen.storyboard */,
				E7611F8B27C119F500EB645A /* Info.plist */,
			);
			path = FirstProject;
			sourceTree = "<group>";
		};
		E7611F9327C11D7E00EB645A /* Cells */ = {
			isa = PBXGroup;
			children = (
				E711719427C3783800563D1C /* CellofMusic.swift */,
				E711719927C3A39E00563D1C /* CellOfFavouriteMusic.swift */,
				E711719C27C3FFB400563D1C /* CellOfMusicViewModel.swift */,
				E711719F27C3FFD400563D1C /* CellOfFavouriteMusicViewModel.swift */,
			);
			path = Cells;
			sourceTree = "<group>";
		};
		E7611F9427C11D8C00EB645A /* Extension */ = {
			isa = PBXGroup;
			children = (
				E71171A527C5738F00563D1C /* ValidTypes.swift */,
				E71171B027C6676700563D1C /* AlertController.swift */,
			);
			path = Extension;
			sourceTree = "<group>";
		};
/* End PBXGroup section */

/* Begin PBXNativeTarget section */
		E7611F7927C119F100EB645A /* FirstProject */ = {
			isa = PBXNativeTarget;
			buildConfigurationList = E7611F8E27C119F500EB645A /* Build configuration list for PBXNativeTarget "FirstProject" */;
			buildPhases = (
				E26473A74B221D3D4FF93AA3 /* [CP] Check Pods Manifest.lock */,
				E7611F7627C119F100EB645A /* Sources */,
				E7611F7727C119F100EB645A /* Frameworks */,
				E7611F7827C119F100EB645A /* Resources */,
				7F21F44BBD7375215A305030 /* [CP] Embed Pods Frameworks */,
			);
			buildRules = (
			);
			dependencies = (
			);
			name = FirstProject;
			productName = FirstProject;
			productReference = E7611F7A27C119F100EB645A /* FirstProject.app */;
			productType = "com.apple.product-type.application";
		};
/* End PBXNativeTarget section */

/* Begin PBXProject section */
		E7611F7227C119F100EB645A /* Project object */ = {
			isa = PBXProject;
			attributes = {
				LastSwiftUpdateCheck = 1240;
				LastUpgradeCheck = 1240;
				TargetAttributes = {
					E7611F7927C119F100EB645A = {
						CreatedOnToolsVersion = 12.4;
					};
				};
			};
			buildConfigurationList = E7611F7527C119F100EB645A /* Build configuration list for PBXProject "FirstProject" */;
			compatibilityVersion = "Xcode 9.3";
			developmentRegion = en;
			hasScannedForEncodings = 0;
			knownRegions = (
				en,
				Base,
			);
			mainGroup = E7611F7127C119F100EB645A;
			productRefGroup = E7611F7B27C119F100EB645A /* Products */;
			projectDirPath = "";
			projectRoot = "";
			targets = (
				E7611F7927C119F100EB645A /* FirstProject */,
			);
		};
/* End PBXProject section */

/* Begin PBXResourcesBuildPhase section */
		E7611F7827C119F100EB645A /* Resources */ = {
			isa = PBXResourcesBuildPhase;
			buildActionMask = 2147483647;
			files = (
				E7611F8A27C119F500EB645A /* LaunchScreen.storyboard in Resources */,
				E7611F8727C119F500EB645A /* Assets.xcassets in Resources */,
				E7611F8527C119F100EB645A /* Main.storyboard in Resources */,
			);
			runOnlyForDeploymentPostprocessing = 0;
		};
/* End PBXResourcesBuildPhase section */

/* Begin PBXShellScriptBuildPhase section */
		7F21F44BBD7375215A305030 /* [CP] Embed Pods Frameworks */ = {
			isa = PBXShellScriptBuildPhase;
			buildActionMask = 2147483647;
			files = (
			);
			inputFileListPaths = (
				"${PODS_ROOT}/Target Support Files/Pods-FirstProject/Pods-FirstProject-frameworks-${CONFIGURATION}-input-files.xcfilelist",
			);
			name = "[CP] Embed Pods Frameworks";
			outputFileListPaths = (
				"${PODS_ROOT}/Target Support Files/Pods-FirstProject/Pods-FirstProject-frameworks-${CONFIGURATION}-output-files.xcfilelist",
			);
			runOnlyForDeploymentPostprocessing = 0;
			shellPath = /bin/sh;
			shellScript = "\"${PODS_ROOT}/Target Support Files/Pods-FirstProject/Pods-FirstProject-frameworks.sh\"\n";
			showEnvVarsInLog = 0;
		};
		E26473A74B221D3D4FF93AA3 /* [CP] Check Pods Manifest.lock */ = {
			isa = PBXShellScriptBuildPhase;
			buildActionMask = 2147483647;
			files = (
			);
			inputFileListPaths = (
			);
			inputPaths = (
				"${PODS_PODFILE_DIR_PATH}/Podfile.lock",
				"${PODS_ROOT}/Manifest.lock",
			);
			name = "[CP] Check Pods Manifest.lock";
			outputFileListPaths = (
			);
			outputPaths = (
				"$(DERIVED_FILE_DIR)/Pods-FirstProject-checkManifestLockResult.txt",
			);
			runOnlyForDeploymentPostprocessing = 0;
			shellPath = /bin/sh;
			shellScript = "diff \"${PODS_PODFILE_DIR_PATH}/Podfile.lock\" \"${PODS_ROOT}/Manifest.lock\" > /dev/null\nif [ $? != 0 ] ; then\n    # print error to STDERR\n    echo \"error: The sandbox is not in sync with the Podfile.lock. Run 'pod install' or update your CocoaPods installation.\" >&2\n    exit 1\nfi\n# This output is used by Xcode 'outputs' to avoid re-running this script phase.\necho \"SUCCESS\" > \"${SCRIPT_OUTPUT_FILE_0}\"\n";
			showEnvVarsInLog = 0;
		};
/* End PBXShellScriptBuildPhase section */

/* Begin PBXSourcesBuildPhase section */
		E7611F7627C119F100EB645A /* Sources */ = {
			isa = PBXSourcesBuildPhase;
			buildActionMask = 2147483647;
			files = (
				E711719A27C3A39E00563D1C /* CellOfFavouriteMusic.swift in Sources */,
				E7611F8227C119F100EB645A /* MainViewController.swift in Sources */,
				E7611F9927C1273200EB645A /* SingUpViewController.swift in Sources */,
				E711719D27C3FFB400563D1C /* CellOfMusicViewModel.swift in Sources */,
				E7611F7E27C119F100EB645A /* AppDelegate.swift in Sources */,
				E71171AE27C64D6B00563D1C /* UserDefaultsManager .swift in Sources */,
				E71171A627C5738F00563D1C /* ValidTypes.swift in Sources */,
				E7611F9627C1205D00EB645A /* SingInViewController.swift in Sources */,
				E71171A027C3FFD400563D1C /* CellOfFavouriteMusicViewModel.swift in Sources */,
				E711718F27C3765500563D1C /* MusicViewController.swift in Sources */,
				E71171B127C6676700563D1C /* AlertController.swift in Sources */,
				E7611F8027C119F100EB645A /* SceneDelegate.swift in Sources */,
				E71171AB27C64D0500563D1C /* UserModel.swift in Sources */,
				E711718527C24E4800563D1C /* Constants.swift in Sources */,
				E711719227C3769A00563D1C /* MoreMeViewController.swift in Sources */,
				E711719527C3783800563D1C /* CellofMusic.swift in Sources */,
				E71171A327C4BF4700563D1C /* PlayViewController.swift in Sources */,
				E711718927C24E9E00563D1C /* Errors.swift in Sources */,
			);
			runOnlyForDeploymentPostprocessing = 0;
		};
/* End PBXSourcesBuildPhase section */

/* Begin PBXVariantGroup section */
		E7611F8327C119F100EB645A /* Main.storyboard */ = {
			isa = PBXVariantGroup;
			children = (
				E7611F8427C119F100EB645A /* Base */,
			);
			name = Main.storyboard;
			sourceTree = "<group>";
		};
		E7611F8827C119F500EB645A /* LaunchScreen.storyboard */ = {
			isa = PBXVariantGroup;
			children = (
				E7611F8927C119F500EB645A /* Base */,
			);
			name = LaunchScreen.storyboard;
			sourceTree = "<group>";
		};
/* End PBXVariantGroup section */

/* Begin XCBuildConfiguration section */
		E7611F8C27C119F500EB645A /* Debug */ = {
			isa = XCBuildConfiguration;
			buildSettings = {
				ALWAYS_SEARCH_USER_PATHS = NO;
				CLANG_ANALYZER_NONNULL = YES;
				CLANG_ANALYZER_NUMBER_OBJECT_CONVERSION = YES_AGGRESSIVE;
				CLANG_CXX_LANGUAGE_STANDARD = "gnu++14";
				CLANG_CXX_LIBRARY = "libc++";
				CLANG_ENABLE_MODULES = YES;
				CLANG_ENABLE_OBJC_ARC = YES;
				CLANG_ENABLE_OBJC_WEAK = YES;
				CLANG_WARN_BLOCK_CAPTURE_AUTORELEASING = YES;
				CLANG_WARN_BOOL_CONVERSION = YES;
				CLANG_WARN_COMMA = YES;
				CLANG_WARN_CONSTANT_CONVERSION = YES;
				CLANG_WARN_DEPRECATED_OBJC_IMPLEMENTATIONS = YES;
				CLANG_WARN_DIRECT_OBJC_ISA_USAGE = YES_ERROR;
				CLANG_WARN_DOCUMENTATION_COMMENTS = YES;
				CLANG_WARN_EMPTY_BODY = YES;
				CLANG_WARN_ENUM_CONVERSION = YES;
				CLANG_WARN_INFINITE_RECURSION = YES;
				CLANG_WARN_INT_CONVERSION = YES;
				CLANG_WARN_NON_LITERAL_NULL_CONVERSION = YES;
				CLANG_WARN_OBJC_IMPLICIT_RETAIN_SELF = YES;
				CLANG_WARN_OBJC_LITERAL_CONVERSION = YES;
				CLANG_WARN_OBJC_ROOT_CLASS = YES_ERROR;
				CLANG_WARN_QUOTED_INCLUDE_IN_FRAMEWORK_HEADER = YES;
				CLANG_WARN_RANGE_LOOP_ANALYSIS = YES;
				CLANG_WARN_STRICT_PROTOTYPES = YES;
				CLANG_WARN_SUSPICIOUS_MOVE = YES;
				CLANG_WARN_UNGUARDED_AVAILABILITY = YES_AGGRESSIVE;
				CLANG_WARN_UNREACHABLE_CODE = YES;
				CLANG_WARN__DUPLICATE_METHOD_MATCH = YES;
				COPY_PHASE_STRIP = NO;
				DEBUG_INFORMATION_FORMAT = dwarf;
				ENABLE_STRICT_OBJC_MSGSEND = YES;
				ENABLE_TESTABILITY = YES;
				GCC_C_LANGUAGE_STANDARD = gnu11;
				GCC_DYNAMIC_NO_PIC = NO;
				GCC_NO_COMMON_BLOCKS = YES;
				GCC_OPTIMIZATION_LEVEL = 0;
				GCC_PREPROCESSOR_DEFINITIONS = (
					"DEBUG=1",
					"$(inherited)",
				);
				GCC_WARN_64_TO_32_BIT_CONVERSION = YES;
				GCC_WARN_ABOUT_RETURN_TYPE = YES_ERROR;
				GCC_WARN_UNDECLARED_SELECTOR = YES;
				GCC_WARN_UNINITIALIZED_AUTOS = YES_AGGRESSIVE;
				GCC_WARN_UNUSED_FUNCTION = YES;
				GCC_WARN_UNUSED_VARIABLE = YES;
				IPHONEOS_DEPLOYMENT_TARGET = 14.4;
				MTL_ENABLE_DEBUG_INFO = INCLUDE_SOURCE;
				MTL_FAST_MATH = YES;
				ONLY_ACTIVE_ARCH = YES;
				SDKROOT = iphoneos;
				SWIFT_ACTIVE_COMPILATION_CONDITIONS = DEBUG;
				SWIFT_OPTIMIZATION_LEVEL = "-Onone";
			};
			name = Debug;
		};
		E7611F8D27C119F500EB645A /* Release */ = {
			isa = XCBuildConfiguration;
			buildSettings = {
				ALWAYS_SEARCH_USER_PATHS = NO;
				CLANG_ANALYZER_NONNULL = YES;
				CLANG_ANALYZER_NUMBER_OBJECT_CONVERSION = YES_AGGRESSIVE;
				CLANG_CXX_LANGUAGE_STANDARD = "gnu++14";
				CLANG_CXX_LIBRARY = "libc++";
				CLANG_ENABLE_MODULES = YES;
				CLANG_ENABLE_OBJC_ARC = YES;
				CLANG_ENABLE_OBJC_WEAK = YES;
				CLANG_WARN_BLOCK_CAPTURE_AUTORELEASING = YES;
				CLANG_WARN_BOOL_CONVERSION = YES;
				CLANG_WARN_COMMA = YES;
				CLANG_WARN_CONSTANT_CONVERSION = YES;
				CLANG_WARN_DEPRECATED_OBJC_IMPLEMENTATIONS = YES;
				CLANG_WARN_DIRECT_OBJC_ISA_USAGE = YES_ERROR;
				CLANG_WARN_DOCUMENTATION_COMMENTS = YES;
				CLANG_WARN_EMPTY_BODY = YES;
				CLANG_WARN_ENUM_CONVERSION = YES;
				CLANG_WARN_INFINITE_RECURSION = YES;
				CLANG_WARN_INT_CONVERSION = YES;
				CLANG_WARN_NON_LITERAL_NULL_CONVERSION = YES;
				CLANG_WARN_OBJC_IMPLICIT_RETAIN_SELF = YES;
				CLANG_WARN_OBJC_LITERAL_CONVERSION = YES;
				CLANG_WARN_OBJC_ROOT_CLASS = YES_ERROR;
				CLANG_WARN_QUOTED_INCLUDE_IN_FRAMEWORK_HEADER = YES;
				CLANG_WARN_RANGE_LOOP_ANALYSIS = YES;
				CLANG_WARN_STRICT_PROTOTYPES = YES;
				CLANG_WARN_SUSPICIOUS_MOVE = YES;
				CLANG_WARN_UNGUARDED_AVAILABILITY = YES_AGGRESSIVE;
				CLANG_WARN_UNREACHABLE_CODE = YES;
				CLANG_WARN__DUPLICATE_METHOD_MATCH = YES;
				COPY_PHASE_STRIP = NO;
				DEBUG_INFORMATION_FORMAT = "dwarf-with-dsym";
				ENABLE_NS_ASSERTIONS = NO;
				ENABLE_STRICT_OBJC_MSGSEND = YES;
				GCC_C_LANGUAGE_STANDARD = gnu11;
				GCC_NO_COMMON_BLOCKS = YES;
				GCC_WARN_64_TO_32_BIT_CONVERSION = YES;
				GCC_WARN_ABOUT_RETURN_TYPE = YES_ERROR;
				GCC_WARN_UNDECLARED_SELECTOR = YES;
				GCC_WARN_UNINITIALIZED_AUTOS = YES_AGGRESSIVE;
				GCC_WARN_UNUSED_FUNCTION = YES;
				GCC_WARN_UNUSED_VARIABLE = YES;
				IPHONEOS_DEPLOYMENT_TARGET = 14.4;
				MTL_ENABLE_DEBUG_INFO = NO;
				MTL_FAST_MATH = YES;
				SDKROOT = iphoneos;
				SWIFT_COMPILATION_MODE = wholemodule;
				SWIFT_OPTIMIZATION_LEVEL = "-O";
				VALIDATE_PRODUCT = YES;
			};
			name = Release;
		};
		E7611F8F27C119F500EB645A /* Debug */ = {
			isa = XCBuildConfiguration;
			baseConfigurationReference = A5B315AB0B705DD2AEADE6AD /* Pods-FirstProject.debug.xcconfig */;
			buildSettings = {
				ASSETCATALOG_COMPILER_APPICON_NAME = AppIcon;
				ASSETCATALOG_COMPILER_GLOBAL_ACCENT_COLOR_NAME = AccentColor;
				CODE_SIGN_STYLE = Automatic;
				DEVELOPMENT_TEAM = 3JX426VMP9;
				INFOPLIST_FILE = FirstProject/Info.plist;
				LD_RUNPATH_SEARCH_PATHS = (
					"$(inherited)",
					"@executable_path/Frameworks",
				);
				PRODUCT_BUNDLE_IDENTIFIER = "-qewq.FirstProject";
				PRODUCT_NAME = "$(TARGET_NAME)";
				SWIFT_VERSION = 5.0;
				TARGETED_DEVICE_FAMILY = "1,2";
			};
			name = Debug;
		};
		E7611F9027C119F500EB645A /* Release */ = {
			isa = XCBuildConfiguration;
			baseConfigurationReference = 831F5EDD69F8C2FAFB6F53F9 /* Pods-FirstProject.release.xcconfig */;
			buildSettings = {
				ASSETCATALOG_COMPILER_APPICON_NAME = AppIcon;
				ASSETCATALOG_COMPILER_GLOBAL_ACCENT_COLOR_NAME = AccentColor;
				CODE_SIGN_STYLE = Automatic;
				DEVELOPMENT_TEAM = 3JX426VMP9;
				INFOPLIST_FILE = FirstProject/Info.plist;
				LD_RUNPATH_SEARCH_PATHS = (
					"$(inherited)",
					"@executable_path/Frameworks",
				);
				PRODUCT_BUNDLE_IDENTIFIER = "-qewq.FirstProject";
				PRODUCT_NAME = "$(TARGET_NAME)";
				SWIFT_VERSION = 5.0;
				TARGETED_DEVICE_FAMILY = "1,2";
			};
			name = Release;
		};
/* End XCBuildConfiguration section */

/* Begin XCConfigurationList section */
		E7611F7527C119F100EB645A /* Build configuration list for PBXProject "FirstProject" */ = {
			isa = XCConfigurationList;
			buildConfigurations = (
				E7611F8C27C119F500EB645A /* Debug */,
				E7611F8D27C119F500EB645A /* Release */,
			);
			defaultConfigurationIsVisible = 0;
			defaultConfigurationName = Release;
		};
		E7611F8E27C119F500EB645A /* Build configuration list for PBXNativeTarget "FirstProject" */ = {
			isa = XCConfigurationList;
			buildConfigurations = (
				E7611F8F27C119F500EB645A /* Debug */,
				E7611F9027C119F500EB645A /* Release */,
			);
			defaultConfigurationIsVisible = 0;
			defaultConfigurationName = Release;
		};
/* End XCConfigurationList section */
	};
	rootObject = E7611F7227C119F100EB645A /* Project object */;
}
